
Microsoft Visual Studio Solution File, Format Version 12.00
# Visual Studio 15
VisualStudioVersion = 15.0.28010.2046
MinimumVisualStudioVersion = 10.0.40219.1
Project("{FAE04EC0-301F-11D3-BF4B-00C04F79EFBC}") = "Praca inzynierska", "Praca inzynierska\Praca inzynierska.csproj", "{7D0D41E0-CCF6-4194-93E4-F0861D2AE0A9}"
EndProject
Global
	GlobalSection(SolutionConfigurationPlatforms) = preSolution
		Debug|Any CPU = Debug|Any CPU
		Release|Any CPU = Release|Any CPU
	EndGlobalSection
	GlobalSection(ProjectConfigurationPlatforms) = postSolution
		{7D0D41E0-CCF6-4194-93E4-F0861D2AE0A9}.Debug|Any CPU.ActiveCfg = Debug|Any CPU
		{7D0D41E0-CCF6-4194-93E4-F0861D2AE0A9}.Debug|Any CPU.Build.0 = Debug|Any CPU
		{7D0D41E0-CCF6-4194-93E4-F0861D2AE0A9}.Release|Any CPU.ActiveCfg = Release|Any CPU
		{7D0D41E0-CCF6-4194-93E4-F0861D2AE0A9}.Release|Any CPU.Build.0 = Release|Any CPU
	EndGlobalSection
	GlobalSection(SolutionProperties) = preSolution
		HideSolutionNode = FALSE
	EndGlobalSection
	GlobalSection(ExtensibilityGlobals) = postSolution
		SolutionGuid = {7204586F-691F-43E6-A5D6-5093D44CB781}
	EndGlobalSection
EndGlobal
